
Microsoft Visual Studio Solution File, Format Version 12.00
# Visual Studio Version 16
VisualStudioVersion = 16.0.30907.101
MinimumVisualStudioVersion = 10.0.40219.1
Project("{9A19103F-16F7-4668-BE54-9A1E7A4F7556}") = "CoopGateway", "CoopGateway.csproj", "{1692F4C6-ADA1-4CD1-AE1D-C9BF5480F06D}"
EndProject
Project("{E53339B2-1760-4266-BCC7-CA923CBCF16C}") = "docker-compose", "docker-compose.dcproj", "{62E960FF-5427-4843-BD82-522B11FB488D}"
EndProject
Project("{2150E333-8FDC-42A3-9474-1A3956D46DE8}") = "APIs", "APIs", "{2D375F2F-8412-4BD6-959C-22370EE6FF2F}"
EndProject
Project("{FAE04EC0-301F-11D3-BF4B-00C04F79EFBC}") = "LoggingService", "APIs\LoggingService\LoggingService.csproj", "{F2556ACA-D5F8-40B2-BFE2-4045DC224AAB}"
EndProject
Global
	GlobalSection(SolutionConfigurationPlatforms) = preSolution
		Debug|Any CPU = Debug|Any CPU
		Release|Any CPU = Release|Any CPU
	EndGlobalSection
	GlobalSection(ProjectConfigurationPlatforms) = postSolution
		{1692F4C6-ADA1-4CD1-AE1D-C9BF5480F06D}.Debug|Any CPU.ActiveCfg = Debug|Any CPU
		{1692F4C6-ADA1-4CD1-AE1D-C9BF5480F06D}.Debug|Any CPU.Build.0 = Debug|Any CPU
		{1692F4C6-ADA1-4CD1-AE1D-C9BF5480F06D}.Release|Any CPU.ActiveCfg = Release|Any CPU
		{1692F4C6-ADA1-4CD1-AE1D-C9BF5480F06D}.Release|Any CPU.Build.0 = Release|Any CPU
		{62E960FF-5427-4843-BD82-522B11FB488D}.Debug|Any CPU.ActiveCfg = Debug|Any CPU
		{62E960FF-5427-4843-BD82-522B11FB488D}.Debug|Any CPU.Build.0 = Debug|Any CPU
		{62E960FF-5427-4843-BD82-522B11FB488D}.Release|Any CPU.ActiveCfg = Release|Any CPU
		{62E960FF-5427-4843-BD82-522B11FB488D}.Release|Any CPU.Build.0 = Release|Any CPU
		{F2556ACA-D5F8-40B2-BFE2-4045DC224AAB}.Debug|Any CPU.ActiveCfg = Debug|Any CPU
		{F2556ACA-D5F8-40B2-BFE2-4045DC224AAB}.Debug|Any CPU.Build.0 = Debug|Any CPU
		{F2556ACA-D5F8-40B2-BFE2-4045DC224AAB}.Release|Any CPU.ActiveCfg = Release|Any CPU
		{F2556ACA-D5F8-40B2-BFE2-4045DC224AAB}.Release|Any CPU.Build.0 = Release|Any CPU
	EndGlobalSection
	GlobalSection(SolutionProperties) = preSolution
		HideSolutionNode = FALSE
	EndGlobalSection
	GlobalSection(NestedProjects) = preSolution
		{F2556ACA-D5F8-40B2-BFE2-4045DC224AAB} = {2D375F2F-8412-4BD6-959C-22370EE6FF2F}
	EndGlobalSection
	GlobalSection(ExtensibilityGlobals) = postSolution
		SolutionGuid = {C56FA55C-3EA3-4703-A798-2D93E980D8D0}
	EndGlobalSection
EndGlobal
